version: 5
environments:
  default:
    channels:
    - url: https://conda.anaconda.org/conda-forge/
    indexes:
    - https://pypi.org/simple
    packages:
      linux-aarch64:
      - conda: https://conda.anaconda.org/conda-forge/linux-aarch64/_openmp_mutex-4.5-2_gnu.tar.bz2
      - conda: https://conda.anaconda.org/conda-forge/linux-aarch64/bzip2-1.0.8-h68df207_7.conda
      - conda: https://conda.anaconda.org/conda-forge/linux-aarch64/ca-certificates-2024.8.30-hcefe29a_0.conda
      - conda: https://conda.anaconda.org/conda-forge/linux-aarch64/ld_impl_linux-aarch64-2.43-h80caac9_1.conda
      - conda: https://conda.anaconda.org/conda-forge/linux-aarch64/libexpat-2.6.3-h5ad3122_0.conda
      - conda: https://conda.anaconda.org/conda-forge/linux-aarch64/libffi-3.4.2-h3557bc0_5.tar.bz2
      - conda: https://conda.anaconda.org/conda-forge/linux-aarch64/libgcc-14.2.0-he277a41_1.conda
      - conda: https://conda.anaconda.org/conda-forge/linux-aarch64/libgcc-ng-14.2.0-he9431aa_1.conda
      - conda: https://conda.anaconda.org/conda-forge/linux-aarch64/libgomp-14.2.0-he277a41_1.conda
      - conda: https://conda.anaconda.org/conda-forge/linux-aarch64/libmpdec-4.0.0-h68df207_0.conda
      - conda: https://conda.anaconda.org/conda-forge/linux-aarch64/libsqlite-3.46.1-hc4a20ef_0.conda
      - conda: https://conda.anaconda.org/conda-forge/linux-aarch64/libuuid-2.38.1-hb4cce97_0.conda
      - conda: https://conda.anaconda.org/conda-forge/linux-aarch64/libzlib-1.3.1-h86ecc28_2.conda
      - conda: https://conda.anaconda.org/conda-forge/linux-aarch64/ncurses-6.5-hcccb83c_1.conda
      - conda: https://conda.anaconda.org/conda-forge/linux-aarch64/openssl-3.3.2-h86ecc28_0.conda
      - conda: https://conda.anaconda.org/conda-forge/linux-aarch64/python-3.13.0-h6bfe66a_100_cp313.conda
      - conda: https://conda.anaconda.org/conda-forge/linux-aarch64/python_abi-3.13-5_cp313.conda
      - conda: https://conda.anaconda.org/conda-forge/linux-aarch64/readline-8.2-h8fc344f_1.conda
      - conda: https://conda.anaconda.org/conda-forge/linux-aarch64/tk-8.6.13-h194ca79_0.conda
      - conda: https://conda.anaconda.org/conda-forge/noarch/tzdata-2024b-hc8b5060_0.conda
      - conda: https://conda.anaconda.org/conda-forge/linux-aarch64/xz-5.2.6-h9cdd2b7_0.tar.bz2
      - pypi: https://files.pythonhosted.org/packages/1c/12/8065baaa0c7689fa3390beef0ad46ac6c52bfcc1b27b05fe093c0fa29599/Adafruit_Blinka-8.49.0-py3-none-any.whl
      - pypi: https://files.pythonhosted.org/packages/65/6b/ff879c60764b15bbd9617c5660a6816ab598f958d572a15f067123d9007e/adafruit_circuitpython_busdevice-5.2.10-py3-none-any.whl
      - pypi: https://files.pythonhosted.org/packages/1d/35/e5b8bc2169ff11f2d2b732dc7eca28d48b0b8bb427bc8d40a763499d23f7/adafruit_circuitpython_connectionmanager-3.1.2-py3-none-any.whl
      - pypi: https://files.pythonhosted.org/packages/6e/62/ad390281da0e424a9d8e1930c5a80e0fa489de943bb44506594827de2084/adafruit_circuitpython_led_animation-2.9.3-py3-none-any.whl
      - pypi: https://files.pythonhosted.org/packages/a3/12/12d5f2260a52f666860299bc5a5b2848d2e0a40b3d4a0aacb962085df475/adafruit_circuitpython_neopixel-6.3.12-py3-none-any.whl
      - pypi: https://files.pythonhosted.org/packages/c5/fe/3106478bc0518449581288e2effd3cb2018f103150a33370e3c0681bcb42/adafruit_circuitpython_pixelbuf-2.0.6-py3-none-any.whl
      - pypi: https://files.pythonhosted.org/packages/6e/d0/f6ec3f989c9753a390c360f77d1d83e768af0aff7d1fc64f26b93949b30e/adafruit_circuitpython_requests-4.1.8-py3-none-any.whl
      - pypi: https://files.pythonhosted.org/packages/5f/a0/88d9210a0c2bcf4ae6819d791f9e912ca405ddab25763df6b1b27a9acdfb/adafruit_circuitpython_typing-1.11.1-py3-none-any.whl
      - pypi: https://files.pythonhosted.org/packages/3c/24/9184f1863770bb982b808640c5b6a5c3ea88d00fd089a3c0ea1a13e1369a/Adafruit_PlatformDetect-3.75.0-py3-none-any.whl
      - pypi: https://files.pythonhosted.org/packages/19/9d/28e9d12f36e13c5f2acba3098187b0e931290ecd1d8df924391b5ad2db19/Adafruit_PureIO-1.1.11-py3-none-any.whl
      - pypi: https://files.pythonhosted.org/packages/7b/6b/0f13486003aea3eb349c2946b7ec9753e7558b78e35d22c938062a96959c/binho_host_adapter-0.1.6-py3-none-any.whl
      - pypi: https://files.pythonhosted.org/packages/03/ef/1d6dd88ec0a3e6741f0b1f7561b30d6715ecbf3bae7b2777e74439f3fff3/pyftdi-0.55.4-py3-none-any.whl
      - pypi: https://files.pythonhosted.org/packages/9f/8f/617a1196e31ae3b46be6949fbaa95b8c93ce15e0544266198c2266cc1b4d/pygame-2.6.1-cp313-cp313-manylinux_2_17_aarch64.manylinux2014_aarch64.whl
      - pypi: https://files.pythonhosted.org/packages/07/bc/587a445451b253b285629263eb51c2d8e9bcea4fc97826266d186f96f558/pyserial-3.5-py2.py3-none-any.whl
      - pypi: https://files.pythonhosted.org/packages/15/a8/4982498b2ab44d1fcd5c49f07ea3795eab01601dc143b009d333fcace3b9/pyusb-1.2.1-py3-none-any.whl
      - pypi: https://files.pythonhosted.org/packages/c4/0f/10b524a12b3445af1c607c27b2f5ed122ef55756e29942900e5c950735f2/RPi.GPIO-0.7.1.tar.gz
      - pypi: https://files.pythonhosted.org/packages/c0/1e/642208a685c5e96d38323f42c75d9b24f95e2d1b8390dd104e04a712f29e/rpi_ws281x-5.0.0.tar.gz
      - pypi: https://files.pythonhosted.org/packages/0c/d7/5d2f861155e9749f981e6c58f2a482d3ab458bf8c35ae24d4b4d5899ebf9/sysv_ipc-1.1.0.tar.gz
      - pypi: https://files.pythonhosted.org/packages/26/9f/ad63fc0248c5379346306f8668cda6e2e2e9c95e01216d2b8ffd9ff037d0/typing_extensions-4.12.2-py3-none-any.whl
packages:
- kind: conda
  name: _openmp_mutex
  version: '4.5'
  build: 2_gnu
  build_number: 16
  subdir: linux-aarch64
  url: https://conda.anaconda.org/conda-forge/linux-aarch64/_openmp_mutex-4.5-2_gnu.tar.bz2
  sha256: 3702bef2f0a4d38bd8288bbe54aace623602a1343c2cfbefd3fa188e015bebf0
  md5: 6168d71addc746e8f2b8d57dfd2edcea
  depends:
  - libgomp >=7.5.0
  constrains:
  - openmp_impl 9999
  license: BSD-3-Clause
  license_family: BSD
  purls: []
  size: 23712
  timestamp: 1650670790230
- kind: pypi
  name: adafruit-blinka
  version: 8.49.0
  url: https://files.pythonhosted.org/packages/1c/12/8065baaa0c7689fa3390beef0ad46ac6c52bfcc1b27b05fe093c0fa29599/Adafruit_Blinka-8.49.0-py3-none-any.whl
  sha256: d00a5d2fc8eafa9710134bf142d4681a06b2f55d9bd9cc3d0ce6f02bf90612ec
  requires_dist:
  - adafruit-platformdetect>=3.70.1
  - adafruit-pureio>=1.1.7
  - binho-host-adapter>=0.1.6
  - pyftdi>=0.40.0
  - adafruit-circuitpython-typing
  - sysv-ipc>=1.1.0 ; platform_machine != 'mips' and sys_platform == 'linux'
  requires_python: '>=3.7.0'
- kind: pypi
  name: adafruit-circuitpython-busdevice
  version: 5.2.10
  url: https://files.pythonhosted.org/packages/65/6b/ff879c60764b15bbd9617c5660a6816ab598f958d572a15f067123d9007e/adafruit_circuitpython_busdevice-5.2.10-py3-none-any.whl
  sha256: 9e37e303b9cced482aec004eb37a6480c5ccac60d3cfe6ea4d9c4c0a818f1fc0
  requires_dist:
  - adafruit-blinka>=7.0.0
  - adafruit-circuitpython-typing
- kind: pypi
  name: adafruit-circuitpython-connectionmanager
  version: 3.1.2
  url: https://files.pythonhosted.org/packages/1d/35/e5b8bc2169ff11f2d2b732dc7eca28d48b0b8bb427bc8d40a763499d23f7/adafruit_circuitpython_connectionmanager-3.1.2-py3-none-any.whl
  sha256: 1d3af302e587d4ab0827f4382d2eeb400a152688a2eb14272189f971d7ff477b
  requires_dist:
  - adafruit-blinka
- kind: pypi
  name: adafruit-circuitpython-led-animation
  version: 2.9.3
  url: https://files.pythonhosted.org/packages/6e/62/ad390281da0e424a9d8e1930c5a80e0fa489de943bb44506594827de2084/adafruit_circuitpython_led_animation-2.9.3-py3-none-any.whl
  sha256: 93703cc42d3bc4167df3b87e119a1fa0d4f38876b8efd35136615754d99c2c3a
  requires_dist:
  - adafruit-blinka
- kind: pypi
  name: adafruit-circuitpython-neopixel
  version: 6.3.12
  url: https://files.pythonhosted.org/packages/a3/12/12d5f2260a52f666860299bc5a5b2848d2e0a40b3d4a0aacb962085df475/adafruit_circuitpython_neopixel-6.3.12-py3-none-any.whl
  sha256: 9ecca6e6bf32707f49d041c3c7beb352b8f37cea8cb3bad65e8c464dec0b7b6e
  requires_dist:
  - adafruit-blinka
  - adafruit-circuitpython-pixelbuf
- kind: pypi
  name: adafruit-circuitpython-pixelbuf
  version: 2.0.6
  url: https://files.pythonhosted.org/packages/c5/fe/3106478bc0518449581288e2effd3cb2018f103150a33370e3c0681bcb42/adafruit_circuitpython_pixelbuf-2.0.6-py3-none-any.whl
  sha256: bfb9c796a02c996a86969ea57b0cbd3be0a49638531467468fe36568422c3979
  requires_dist:
  - adafruit-blinka
- kind: pypi
  name: adafruit-circuitpython-requests
  version: 4.1.8
  url: https://files.pythonhosted.org/packages/6e/d0/f6ec3f989c9753a390c360f77d1d83e768af0aff7d1fc64f26b93949b30e/adafruit_circuitpython_requests-4.1.8-py3-none-any.whl
  sha256: 6ab3744175f1ddaf2ecfb2510c9ea2cf717c21848695849fcdf28de6e856fd04
  requires_dist:
  - adafruit-blinka
  - adafruit-circuitpython-connectionmanager
  - requests ; extra == 'optional'
- kind: pypi
  name: adafruit-circuitpython-typing
  version: 1.11.1
  url: https://files.pythonhosted.org/packages/5f/a0/88d9210a0c2bcf4ae6819d791f9e912ca405ddab25763df6b1b27a9acdfb/adafruit_circuitpython_typing-1.11.1-py3-none-any.whl
  sha256: c223b56538c9535e6ecc45fb39b23acab6840fecf068a85c6a340cb42368d413
  requires_dist:
  - adafruit-blinka
  - adafruit-circuitpython-busdevice
  - adafruit-circuitpython-requests
  - typing-extensions~=4.0
  requires_python: '>=3.8'
- kind: pypi
  name: adafruit-platformdetect
  version: 3.75.0
  url: https://files.pythonhosted.org/packages/3c/24/9184f1863770bb982b808640c5b6a5c3ea88d00fd089a3c0ea1a13e1369a/Adafruit_PlatformDetect-3.75.0-py3-none-any.whl
  sha256: f523a118bfe270b17c3e1eb1f6115a75dfc8f8f029a67ae51f4934571229c5b8
- kind: pypi
  name: adafruit-pureio
  version: 1.1.11
  url: https://files.pythonhosted.org/packages/19/9d/28e9d12f36e13c5f2acba3098187b0e931290ecd1d8df924391b5ad2db19/Adafruit_PureIO-1.1.11-py3-none-any.whl
  sha256: 281ab2099372cc0decc26326918996cbf21b8eed694ec4764d51eefa029d324e
  requires_python: '>=3.5.0'
- kind: pypi
  name: binho-host-adapter
  version: 0.1.6
  url: https://files.pythonhosted.org/packages/7b/6b/0f13486003aea3eb349c2946b7ec9753e7558b78e35d22c938062a96959c/binho_host_adapter-0.1.6-py3-none-any.whl
  sha256: f71ca176c1e2fc1a5dce128beb286da217555c6c7c805f2ed282a6f3507ec277
  requires_dist:
  - pyserial
- kind: conda
  name: bzip2
  version: 1.0.8
  build: h68df207_7
  build_number: 7
  subdir: linux-aarch64
  url: https://conda.anaconda.org/conda-forge/linux-aarch64/bzip2-1.0.8-h68df207_7.conda
  sha256: 2258b0b33e1cb3a9852d47557984abb6e7ea58e3d7f92706ec1f8e879290c4cb
  md5: 56398c28220513b9ea13d7b450acfb20
  depends:
  - libgcc-ng >=12
  license: bzip2-1.0.6
  license_family: BSD
  purls: []
  size: 189884
  timestamp: 1720974504976
- kind: conda
  name: ca-certificates
  version: 2024.8.30
  build: hcefe29a_0
  subdir: linux-aarch64
  url: https://conda.anaconda.org/conda-forge/linux-aarch64/ca-certificates-2024.8.30-hcefe29a_0.conda
  sha256: 2a2d827bee3775a85f0f1b2f2089291475c4416336d1b3a8cbce2964db547af8
  md5: 70e57e8f59d2c98f86b49c69e5074be5
  license: ISC
  purls: []
  size: 159106
  timestamp: 1725020043153
- kind: conda
  name: ld_impl_linux-aarch64
  version: '2.43'
  build: h80caac9_1
  build_number: 1
  subdir: linux-aarch64
  url: https://conda.anaconda.org/conda-forge/linux-aarch64/ld_impl_linux-aarch64-2.43-h80caac9_1.conda
  sha256: cc4ad280a52e6815c0b26d785f6c2e205646c72fb01f418883f8df266d3c12f1
  md5: 5019b8e4dd2433395270cc0838ad4065
  constrains:
  - binutils_impl_linux-aarch64 2.43
  license: GPL-3.0-only
  license_family: GPL
  purls: []
  size: 698534
  timestamp: 1727304686383
- kind: conda
  name: libexpat
  version: 2.6.3
  build: h5ad3122_0
  subdir: linux-aarch64
  url: https://conda.anaconda.org/conda-forge/linux-aarch64/libexpat-2.6.3-h5ad3122_0.conda
  sha256: 02341c9c35128055fd404dfe675832b80f2bf9dbb99539457652c11c06e52757
  md5: 1d2b842bb76e268625e8ee8d0a9fe8c3
  depends:
  - libgcc >=13
  constrains:
  - expat 2.6.3.*
  license: MIT
  license_family: MIT
  purls: []
  size: 72342
  timestamp: 1725568840022
- kind: conda
  name: libffi
  version: 3.4.2
  build: h3557bc0_5
  build_number: 5
  subdir: linux-aarch64
  url: https://conda.anaconda.org/conda-forge/linux-aarch64/libffi-3.4.2-h3557bc0_5.tar.bz2
  sha256: 7e9258a102480757fe3faeb225a3ca04dffd10fecd2a958c65cdb4cdf75f2c3c
  md5: dddd85f4d52121fab0a8b099c5e06501
  depends:
  - libgcc-ng >=9.4.0
  license: MIT
  license_family: MIT
  purls: []
  size: 59450
  timestamp: 1636488255090
- kind: conda
  name: libgcc
  version: 14.2.0
  build: he277a41_1
  build_number: 1
  subdir: linux-aarch64
  url: https://conda.anaconda.org/conda-forge/linux-aarch64/libgcc-14.2.0-he277a41_1.conda
  sha256: 5d56757ccad208c79214395b00d006d8d18929a4ba49c47bd9460789a7620943
  md5: 511b511c5445e324066c3377481bcab8
  depends:
  - _openmp_mutex >=4.5
  constrains:
  - libgcc-ng ==14.2.0=*_1
  - libgomp 14.2.0 he277a41_1
  license: GPL-3.0-only WITH GCC-exception-3.1
  license_family: GPL
  purls: []
  size: 535243
  timestamp: 1729089435134
- kind: conda
  name: libgcc-ng
  version: 14.2.0
  build: he9431aa_1
  build_number: 1
  subdir: linux-aarch64
  url: https://conda.anaconda.org/conda-forge/linux-aarch64/libgcc-ng-14.2.0-he9431aa_1.conda
  sha256: 9b5cf168a6c7361cae869cb74b716766ee7c6d6b3f6172b32ba9bf91135efdc4
  md5: 0694c249c61469f2c0f7e2990782af21
  depends:
  - libgcc 14.2.0 he277a41_1
  license: GPL-3.0-only WITH GCC-exception-3.1
  license_family: GPL
  purls: []
  size: 54104
  timestamp: 1729089444587
- kind: conda
  name: libgomp
  version: 14.2.0
  build: he277a41_1
  build_number: 1
  subdir: linux-aarch64
  url: https://conda.anaconda.org/conda-forge/linux-aarch64/libgomp-14.2.0-he277a41_1.conda
  sha256: 5aa53874a5e57a00f2e0c2e2910684eb674429cd5fcb803619b226a73e89aedf
  md5: 376f0e73abbda6d23c0cb749adc195ef
  license: GPL-3.0-only WITH GCC-exception-3.1
  license_family: GPL
  purls: []
  size: 463521
  timestamp: 1729089357313
- kind: conda
  name: libmpdec
  version: 4.0.0
  build: h68df207_0
  subdir: linux-aarch64
  url: https://conda.anaconda.org/conda-forge/linux-aarch64/libmpdec-4.0.0-h68df207_0.conda
  sha256: 1c63ef313c5d4ac02cdf21471fdba99c188bfcb87068a127a0f0964f7ec170ac
  md5: 5a03ba481cb547e6f31a1d81ebc5e319
  depends:
  - libgcc-ng >=12
  license: BSD-2-Clause
  license_family: BSD
  purls: []
  size: 110277
  timestamp: 1723861247377
- kind: conda
  name: libsqlite
  version: 3.46.1
  build: hc4a20ef_0
  subdir: linux-aarch64
  url: https://conda.anaconda.org/conda-forge/linux-aarch64/libsqlite-3.46.1-hc4a20ef_0.conda
  sha256: b4ee96d292fea6bdfceb34dff5e5f0e4b21a0a3dab0559a21fc4a35dc217764e
  md5: cd559337c1bd9545ecbeaad017e7d878
  depends:
  - libgcc >=13
  - libzlib >=1.3.1,<2.0a0
  license: Unlicense
  purls: []
  size: 1053752
  timestamp: 1725354110633
- kind: conda
  name: libuuid
  version: 2.38.1
  build: hb4cce97_0
  subdir: linux-aarch64
  url: https://conda.anaconda.org/conda-forge/linux-aarch64/libuuid-2.38.1-hb4cce97_0.conda
  sha256: 616277b0c5f7616c2cdf36f6c316ea3f9aa5bb35f2d4476a349ab58b9b91675f
  md5: 000e30b09db0b7c775b21695dff30969
  depends:
  - libgcc-ng >=12
  license: BSD-3-Clause
  license_family: BSD
  purls: []
  size: 35720
  timestamp: 1680113474501
- kind: conda
  name: libzlib
  version: 1.3.1
  build: h86ecc28_2
  build_number: 2
  subdir: linux-aarch64
  url: https://conda.anaconda.org/conda-forge/linux-aarch64/libzlib-1.3.1-h86ecc28_2.conda
  sha256: 5a2c1eeef69342e88a98d1d95bff1603727ab1ff4ee0e421522acd8813439b84
  md5: 08aad7cbe9f5a6b460d0976076b6ae64
  depends:
  - libgcc >=13
  constrains:
  - zlib 1.3.1 *_2
  license: Zlib
  license_family: Other
  purls: []
  size: 66657
  timestamp: 1727963199518
- kind: conda
  name: ncurses
  version: '6.5'
  build: hcccb83c_1
  build_number: 1
  subdir: linux-aarch64
  url: https://conda.anaconda.org/conda-forge/linux-aarch64/ncurses-6.5-hcccb83c_1.conda
  sha256: acad4cf1f57b12ee1e42995e6fac646fa06aa026529f05eb8c07eb0a84a47a84
  md5: 91d49c85cacd92caa40cf375ef72a25d
  depends:
  - libgcc-ng >=12
  license: X11 AND BSD-3-Clause
  purls: []
  size: 924472
  timestamp: 1724658573518
- kind: conda
  name: openssl
  version: 3.3.2
  build: h86ecc28_0
  subdir: linux-aarch64
  url: https://conda.anaconda.org/conda-forge/linux-aarch64/openssl-3.3.2-h86ecc28_0.conda
  sha256: 4669d26dbf81e4d72093d8260f55d19d57204d82b1d9440be83d11d313b5990c
  md5: 9e1e477b3f8ee3789297883faffa708b
  depends:
  - ca-certificates
  - libgcc >=13
  license: Apache-2.0
  license_family: Apache
  purls: []
  size: 3428083
  timestamp: 1725412266679
- kind: pypi
  name: pyftdi
  version: 0.55.4
  url: https://files.pythonhosted.org/packages/03/ef/1d6dd88ec0a3e6741f0b1f7561b30d6715ecbf3bae7b2777e74439f3fff3/pyftdi-0.55.4-py3-none-any.whl
  sha256: 64a804ea1c652e6935897df7867dbba18910848cad0a4927ccdb06813c072c85
  requires_dist:
  - pyusb!=1.2.0,>=1.0.0
  - pyserial>=3.0
  requires_python: '>=3.8'
- kind: pypi
  name: pygame
  version: 2.6.1
  url: https://files.pythonhosted.org/packages/9f/8f/617a1196e31ae3b46be6949fbaa95b8c93ce15e0544266198c2266cc1b4d/pygame-2.6.1-cp313-cp313-manylinux_2_17_aarch64.manylinux2014_aarch64.whl
  sha256: 27eb17e3dc9640e4b4683074f1890e2e879827447770470c2aba9f125f74510b
  requires_python: '>=3.6'
- kind: pypi
  name: pyserial
  version: '3.5'
  url: https://files.pythonhosted.org/packages/07/bc/587a445451b253b285629263eb51c2d8e9bcea4fc97826266d186f96f558/pyserial-3.5-py2.py3-none-any.whl
  sha256: c4451db6ba391ca6ca299fb3ec7bae67a5c55dde170964c7a14ceefec02f2cf0
  requires_dist:
  - hidapi ; extra == 'cp2110'
- kind: conda
  name: python
  version: 3.13.0
  build: h6bfe66a_100_cp313
  build_number: 100
  subdir: linux-aarch64
  url: https://conda.anaconda.org/conda-forge/linux-aarch64/python-3.13.0-h6bfe66a_100_cp313.conda
  sha256: d9a0431172e369027adbc246f531e1ac931c67588b55175c05c9011d87427895
  md5: 42a8b7b84b9f632329f59a8537660e17
  depends:
  - bzip2 >=1.0.8,<2.0a0
  - ld_impl_linux-aarch64 >=2.36.1
  - libexpat >=2.6.3,<3.0a0
  - libffi >=3.4,<4.0a0
  - libgcc >=13
  - libmpdec >=4.0.0,<5.0a0
  - libsqlite >=3.46.1,<4.0a0
  - libuuid >=2.38.1,<3.0a0
  - libzlib >=1.3.1,<2.0a0
  - ncurses >=6.5,<7.0a0
  - openssl >=3.3.2,<4.0a0
  - python_abi 3.13.* *_cp313
  - readline >=8.2,<9.0a0
  - tk >=8.6.13,<8.7.0a0
  - tzdata
  - xz >=5.2.6,<6.0a0
  license: Python-2.0
  purls: []
  size: 13423414
  timestamp: 1728417463367
- kind: conda
  name: python_abi
  version: '3.13'
  build: 5_cp313
  build_number: 5
  subdir: linux-aarch64
  url: https://conda.anaconda.org/conda-forge/linux-aarch64/python_abi-3.13-5_cp313.conda
  sha256: 7f3ce809934a401ec8a91f66bd157a2f5b620d5bb5e02b53aa2453e8a6bf117e
  md5: 74a44e8cf3265491bd0e7da5e788b017
  constrains:
  - python 3.13.* *_cp313
  license: BSD-3-Clause
  license_family: BSD
  purls: []
  size: 6323
  timestamp: 1723823381420
- kind: pypi
  name: pyusb
  version: 1.2.1
  url: https://files.pythonhosted.org/packages/15/a8/4982498b2ab44d1fcd5c49f07ea3795eab01601dc143b009d333fcace3b9/pyusb-1.2.1-py3-none-any.whl
  sha256: 2b4c7cb86dbadf044dfb9d3a4ff69fd217013dbe78a792177a3feb172449ea36
  requires_python: '>=3.6.0'
- kind: conda
  name: readline
  version: '8.2'
  build: h8fc344f_1
  build_number: 1
  subdir: linux-aarch64
  url: https://conda.anaconda.org/conda-forge/linux-aarch64/readline-8.2-h8fc344f_1.conda
  sha256: 4c99f7417419734e3797d45bc355e61c26520e111893b0d7087a01a7fbfbe3dd
  md5: 105eb1e16bf83bfb2eb380a48032b655
  depends:
  - libgcc-ng >=12
  - ncurses >=6.3,<7.0a0
  license: GPL-3.0-only
  license_family: GPL
  purls: []
  size: 294092
  timestamp: 1679532238805
- kind: pypi
  name: rpi-gpio
  version: 0.7.1
  url: https://files.pythonhosted.org/packages/c4/0f/10b524a12b3445af1c607c27b2f5ed122ef55756e29942900e5c950735f2/RPi.GPIO-0.7.1.tar.gz
  sha256: cd61c4b03c37b62bba4a5acfea9862749c33c618e0295e7e90aa4713fb373b70
- kind: pypi
  name: rpi-ws281x
  version: 5.0.0
  url: https://files.pythonhosted.org/packages/c0/1e/642208a685c5e96d38323f42c75d9b24f95e2d1b8390dd104e04a712f29e/rpi_ws281x-5.0.0.tar.gz
  sha256: 00ce6db771436b778d0930245cf8ea2aae11008cc5fd67d57789c5422af3ee55
  requires_python: '>=3.6'
- kind: pypi
  name: sysv-ipc
  version: 1.1.0
  url: https://files.pythonhosted.org/packages/0c/d7/5d2f861155e9749f981e6c58f2a482d3ab458bf8c35ae24d4b4d5899ebf9/sysv_ipc-1.1.0.tar.gz
  sha256: 0f063cbd36ec232032e425769ebc871f195a7d183b9af32f9901589ea7129ac3
- kind: conda
  name: tk
  version: 8.6.13
  build: h194ca79_0
  subdir: linux-aarch64
  url: https://conda.anaconda.org/conda-forge/linux-aarch64/tk-8.6.13-h194ca79_0.conda
  sha256: 7fa27cc512d3a783f38bd16bbbffc008807372499d5b65d089a8e43bde9db267
  md5: f75105e0585851f818e0009dd1dde4dc
  depends:
  - libgcc-ng >=12
  - libzlib >=1.2.13,<2.0.0a0
  license: TCL
  license_family: BSD
  purls: []
  size: 3351802
  timestamp: 1695506242997
- kind: pypi
  name: typing-extensions
  version: 4.12.2
  url: https://files.pythonhosted.org/packages/26/9f/ad63fc0248c5379346306f8668cda6e2e2e9c95e01216d2b8ffd9ff037d0/typing_extensions-4.12.2-py3-none-any.whl
  sha256: 04e5ca0351e0f3f85c6853954072df659d0d13fac324d0072316b67d7794700d
  requires_python: '>=3.8'
- kind: conda
  name: tzdata
  version: 2024b
  build: hc8b5060_0
  subdir: noarch
  noarch: generic
  url: https://conda.anaconda.org/conda-forge/noarch/tzdata-2024b-hc8b5060_0.conda
  sha256: 4fde5c3008bf5d2db82f2b50204464314cc3c91c1d953652f7bd01d9e52aefdf
  md5: 8ac3367aafb1cc0a068483c580af8015
  license: LicenseRef-Public-Domain
  purls: []
  size: 122354
  timestamp: 1728047496079
- kind: conda
  name: xz
  version: 5.2.6
  build: h9cdd2b7_0
  subdir: linux-aarch64
  url: https://conda.anaconda.org/conda-forge/linux-aarch64/xz-5.2.6-h9cdd2b7_0.tar.bz2
  sha256: 93f58a7b393adf41fa007ac8c55978765e957e90cd31877ece1e5a343cb98220
  md5: 83baad393a31d59c20b63ba4da6592df
  depends:
  - libgcc-ng >=12
  license: LGPL-2.1 and GPL-2.0
  purls: []
  size: 440555
  timestamp: 1660348056328
